
Microsoft Visual Studio Solution File, Format Version 12.00
# Visual Studio Version 17
VisualStudioVersion = 17.6.33815.320
MinimumVisualStudioVersion = 10.0.40219.1
Project("{6EC3EE1D-3C4E-46DD-8F32-0CC8E7565705}") = "MiniHold.Abstractions", "MiniHold.Abstractions\MiniHold.Abstractions.fsproj", "{C41CCA47-7E94-4DC4-897D-217ABAEB3243}"
EndProject
Project("{9A19103F-16F7-4668-BE54-9A1E7A4F7556}") = "MiniHold.App", "MiniHold.App\MiniHold.App.csproj", "{FD9E6B8F-6E0B-41EF-9D2C-DD808CF34D2A}"
EndProject
Project("{2150E333-8FDC-42A3-9474-1A3956D46DE8}") = "Solution Items", "Solution Items", "{10D7FE12-A3FA-47ED-A785-C6F3777DF3A1}"
	ProjectSection(SolutionItems) = preProject
		.gitattributes = .gitattributes
		.gitignore = .gitignore
		LICENSE.txt = LICENSE.txt
		README.md = README.md
	EndProjectSection
EndProject
Project("{778DAE3C-4631-46EA-AA77-85C1314464D9}") = "MiniHold.Tray", "MiniHold.Tray\MiniHold.Tray.vbproj", "{65CDD455-61E0-4877-A72C-9EA423AF6200}"
EndProject
Project("{F2A71F9B-5D33-465A-A702-920D77279786}") = "Micromanager.Logic", "Micromanager.Logic\Micromanager.Logic.fsproj", "{3EC5DEE1-61CD-49A5-BF14-B2FD5C7EE6CC}"
EndProject
Project("{FAE04EC0-301F-11D3-BF4B-00C04F79EFBC}") = "Micromanager", "Micromanager\Micromanager.csproj", "{4FE246A3-94AC-4875-A4CF-D1CC630E7060}"
EndProject
Global
	GlobalSection(SolutionConfigurationPlatforms) = preSolution
		Debug|Any CPU = Debug|Any CPU
		Release|Any CPU = Release|Any CPU
	EndGlobalSection
	GlobalSection(ProjectConfigurationPlatforms) = postSolution
		{C41CCA47-7E94-4DC4-897D-217ABAEB3243}.Debug|Any CPU.ActiveCfg = Debug|Any CPU
		{C41CCA47-7E94-4DC4-897D-217ABAEB3243}.Debug|Any CPU.Build.0 = Debug|Any CPU
		{C41CCA47-7E94-4DC4-897D-217ABAEB3243}.Release|Any CPU.ActiveCfg = Release|Any CPU
		{C41CCA47-7E94-4DC4-897D-217ABAEB3243}.Release|Any CPU.Build.0 = Release|Any CPU
		{FD9E6B8F-6E0B-41EF-9D2C-DD808CF34D2A}.Debug|Any CPU.ActiveCfg = Debug|Any CPU
		{FD9E6B8F-6E0B-41EF-9D2C-DD808CF34D2A}.Debug|Any CPU.Build.0 = Debug|Any CPU
		{FD9E6B8F-6E0B-41EF-9D2C-DD808CF34D2A}.Debug|Any CPU.Deploy.0 = Debug|Any CPU
		{FD9E6B8F-6E0B-41EF-9D2C-DD808CF34D2A}.Release|Any CPU.ActiveCfg = Release|Any CPU
		{FD9E6B8F-6E0B-41EF-9D2C-DD808CF34D2A}.Release|Any CPU.Build.0 = Release|Any CPU
		{FD9E6B8F-6E0B-41EF-9D2C-DD808CF34D2A}.Release|Any CPU.Deploy.0 = Release|Any CPU
		{65CDD455-61E0-4877-A72C-9EA423AF6200}.Debug|Any CPU.ActiveCfg = Debug|Any CPU
		{65CDD455-61E0-4877-A72C-9EA423AF6200}.Debug|Any CPU.Build.0 = Debug|Any CPU
		{65CDD455-61E0-4877-A72C-9EA423AF6200}.Release|Any CPU.ActiveCfg = Release|Any CPU
		{65CDD455-61E0-4877-A72C-9EA423AF6200}.Release|Any CPU.Build.0 = Release|Any CPU
		{3EC5DEE1-61CD-49A5-BF14-B2FD5C7EE6CC}.Debug|Any CPU.ActiveCfg = Debug|Any CPU
		{3EC5DEE1-61CD-49A5-BF14-B2FD5C7EE6CC}.Debug|Any CPU.Build.0 = Debug|Any CPU
		{3EC5DEE1-61CD-49A5-BF14-B2FD5C7EE6CC}.Release|Any CPU.ActiveCfg = Release|Any CPU
		{3EC5DEE1-61CD-49A5-BF14-B2FD5C7EE6CC}.Release|Any CPU.Build.0 = Release|Any CPU
		{4FE246A3-94AC-4875-A4CF-D1CC630E7060}.Debug|Any CPU.ActiveCfg = Debug|Any CPU
		{4FE246A3-94AC-4875-A4CF-D1CC630E7060}.Debug|Any CPU.Build.0 = Debug|Any CPU
		{4FE246A3-94AC-4875-A4CF-D1CC630E7060}.Release|Any CPU.ActiveCfg = Release|Any CPU
		{4FE246A3-94AC-4875-A4CF-D1CC630E7060}.Release|Any CPU.Build.0 = Release|Any CPU
	EndGlobalSection
	GlobalSection(SolutionProperties) = preSolution
		HideSolutionNode = FALSE
	EndGlobalSection
	GlobalSection(ExtensibilityGlobals) = postSolution
		SolutionGuid = {B5CF11C2-79FA-4AC1-B13C-083039F3955C}
	EndGlobalSection
EndGlobal
